# This file was autogenerated by Stack.
# You should not edit this file by hand.
# For more information, please see the documentation at:
#   https://docs.haskellstack.org/en/stable/topics/lock_files

packages:
- completed:
    hackage: aeson-via-0.2.3@sha256:7c265c4ed52f06d4459b8dffce0e48a244c9612a6b8f8226b2eba6166a147612,1849
    pantry-tree:
      sha256: 9aa1f458dc41f746f0d774b5f25e0ff1f370396ccdf15cbf2b1591a9eee73168
      size: 264
  original:
    hackage: aeson-via-0.2.3
- completed:
    hackage: data-sword-0.2.0.3@sha256:953cca4b4533a388df0ef17e06ac5530652d1d73decfe8b656242ccdf4b40999,1568
    pantry-tree:
      sha256: 60a104a3d3cbba2e099a9e7ce561322b2884f5323cf74fd876dfb59f265d803c
      size: 439
  original:
    hackage: data-sword-0.2.0.3
- completed:
    commit: 3247b0fd095da48145b148917d376e9763373d94
    git: git@github.com:ejconlon/dahdit.git
    name: dahdit
    pantry-tree:
      sha256: baffc798f37bd135cbf2538df47d942ab20af6169f67ce322c379165d73a400e
      size: 1189
    subdir: dahdit
    version: 0.8.0
  original:
    commit: 3247b0fd095da48145b148917d376e9763373d94
    git: git@github.com:ejconlon/dahdit.git
    subdir: dahdit
- completed:
    commit: 3247b0fd095da48145b148917d376e9763373d94
    git: git@github.com:ejconlon/dahdit.git
    name: dahdit-audio
    pantry-tree:
      sha256: 0e825bde07098e2bba1a5fb149a2e40a204aa22c580eb11d824648c6d7469009
      size: 1927
    subdir: dahdit-audio
    version: 0.8.0
  original:
    commit: 3247b0fd095da48145b148917d376e9763373d94
    git: git@github.com:ejconlon/dahdit.git
    subdir: dahdit-audio
- completed:
    hackage: proteaaudio-0.10.1@sha256:1de76a1fc5ff15773c41f85689965455e8be770c8a88542e8ac1159c81b77868,2952
    pantry-tree:
      sha256: fef527961487a63e3ed0f14b01807d91d1a3de0c965efe9335ed80d702693494
      size: 1992
  original:
    hackage: proteaaudio-0.10.1
- completed:
    hackage: prop-unit-1.0.1@sha256:db1fdcc30294c15beff28cc62a5baf34a9d217bea3f3fa49720b406f3fc4e94b,3035
    pantry-tree:
      sha256: 84c321efc37e92481c584086a5b85967b991ee5bb17b3db856221d6eef8480b1
      size: 466
  original:
    hackage: prop-unit-1.0.1
snapshots:
- completed:
    sha256: 3020db98a5e35009543057d6e6b96890d285890fc97688933e1798da92c8bbde
    size: 683815
    url: https://raw.githubusercontent.com/commercialhaskell/stackage-snapshots/master/lts/23/15.yaml
  original: lts-23.15
