# This file was autogenerated by Stack.
# You should not edit this file by hand.
# For more information, please see the documentation at:
#   https://docs.haskellstack.org/en/stable/topics/lock_files

packages:
- completed:
    hackage: aeson-via-0.2.3@sha256:7c265c4ed52f06d4459b8dffce0e48a244c9612a6b8f8226b2eba6166a147612,1849
    pantry-tree:
      sha256: 9aa1f458dc41f746f0d774b5f25e0ff1f370396ccdf15cbf2b1591a9eee73168
      size: 264
  original:
    hackage: aeson-via-0.2.3
- completed:
    hackage: data-sword-0.2.0.3@sha256:953cca4b4533a388df0ef17e06ac5530652d1d73decfe8b656242ccdf4b40999,1568
    pantry-tree:
      sha256: 60a104a3d3cbba2e099a9e7ce561322b2884f5323cf74fd876dfb59f265d803c
      size: 439
  original:
    hackage: data-sword-0.2.0.3
- completed:
    hackage: dahdit-0.8.0@sha256:39ae8b1bc6eba9ec2da66e08de294c3385bb574e813e3e17b2d17ca217099fbb,3699
    pantry-tree:
      sha256: d77e0579ca27a67e04cdcb62eacedf00c706c2aa4a2931c390959aea668a31cd
      size: 1000
  original:
    hackage: dahdit-0.8.0
- completed:
    hackage: dahdit-audio-0.8.0@sha256:9fe60bd5508cb330a5a73cee38281a1b9a433b7b06df742a50af3d542db693f3,4085
    pantry-tree:
      sha256: 2e0b65167b70a732beb50d6d33c349d9ab8d3e60cb723cdf5cf42b18884e497d
      size: 762
  original:
    hackage: dahdit-audio-0.8.0
- completed:
    hackage: proteaaudio-0.10.1@sha256:1de76a1fc5ff15773c41f85689965455e8be770c8a88542e8ac1159c81b77868,2952
    pantry-tree:
      sha256: fef527961487a63e3ed0f14b01807d91d1a3de0c965efe9335ed80d702693494
      size: 1992
  original:
    hackage: proteaaudio-0.10.1
- completed:
    hackage: prop-unit-1.0.1@sha256:db1fdcc30294c15beff28cc62a5baf34a9d217bea3f3fa49720b406f3fc4e94b,3035
    pantry-tree:
      sha256: 84c321efc37e92481c584086a5b85967b991ee5bb17b3db856221d6eef8480b1
      size: 466
  original:
    hackage: prop-unit-1.0.1
- completed:
    hackage: bowtie-0.6.0@sha256:356fc3dc5e79c9b8560cae52adbc7e32841015af456d5b767feede997197ca18,2080
    pantry-tree:
      sha256: c81fb555563425560b4b17a486a21e183d046084457a60cb9349e01e5a9a0a1d
      size: 752
  original:
    hackage: bowtie-0.6.0
- completed:
    hackage: looksee-0.8.0@sha256:4d7651657df1b7408d1085a521acd8088a83333992879d6a9bc1ba944cf12fe1,3261
    pantry-tree:
      sha256: 42096efa405eeff36843ab3d23272dd62eec0a1d32a918692768a6cda8bff73a
      size: 279
  original:
    hackage: looksee-0.8.0
snapshots:
- completed:
    sha256: d133abe75e408a407cce3f032c96ac1bbadf474a93b5156ebf4135b53382d56b
    size: 683827
    url: https://raw.githubusercontent.com/commercialhaskell/stackage-snapshots/master/lts/23/18.yaml
  original: lts-23.18
